// !$*UTF8*$!
{
	archiveVersion = 1;
	classes = {
	};
	objectVersion = 46;
	objects = {

/* Begin PBXBuildFile section */
		6A0F9C7415FEF500004F6813 /* UIKit.framework in Frameworks */ = {isa = PBXBuildFile; fileRef = 6A0F9C7315FEF500004F6813 /* UIKit.framework */; };
		6A0F9C7615FEF500004F6813 /* Foundation.framework in Frameworks */ = {isa = PBXBuildFile; fileRef = 6A0F9C7515FEF500004F6813 /* Foundation.framework */; };
		6A0F9C7815FEF500004F6813 /* CoreGraphics.framework in Frameworks */ = {isa = PBXBuildFile; fileRef = 6A0F9C7715FEF500004F6813 /* CoreGraphics.framework */; };
		6A0F9C7E15FEF500004F6813 /* InfoPlist.strings in Resources */ = {isa = PBXBuildFile; fileRef = 6A0F9C7C15FEF500004F6813 /* InfoPlist.strings */; };
		6A0F9C8015FEF500004F6813 /* main.m in Sources */ = {isa = PBXBuildFile; fileRef = 6A0F9C7F15FEF500004F6813 /* main.m */; };
		6A0F9C8415FEF500004F6813 /* NCFAppDelegate.m in Sources */ = {isa = PBXBuildFile; fileRef = 6A0F9C8315FEF500004F6813 /* NCFAppDelegate.m */; };
		6A0F9C8715FEF500004F6813 /* MainStoryboard.storyboard in Resources */ = {isa = PBXBuildFile; fileRef = 6A0F9C8515FEF500004F6813 /* MainStoryboard.storyboard */; };
		6A0F9C8A15FEF501004F6813 /* NCFViewController.m in Sources */ = {isa = PBXBuildFile; fileRef = 6A0F9C8915FEF501004F6813 /* NCFViewController.m */; };
		6A0F9C9215FEF501004F6813 /* SenTestingKit.framework in Frameworks */ = {isa = PBXBuildFile; fileRef = 6A0F9C9115FEF501004F6813 /* SenTestingKit.framework */; };
		6A0F9C9315FEF501004F6813 /* UIKit.framework in Frameworks */ = {isa = PBXBuildFile; fileRef = 6A0F9C7315FEF500004F6813 /* UIKit.framework */; };
		6A0F9C9415FEF501004F6813 /* Foundation.framework in Frameworks */ = {isa = PBXBuildFile; fileRef = 6A0F9C7515FEF500004F6813 /* Foundation.framework */; };
		6A0F9C9C15FEF501004F6813 /* InfoPlist.strings in Resources */ = {isa = PBXBuildFile; fileRef = 6A0F9C9A15FEF501004F6813 /* InfoPlist.strings */; };
		6A0F9C9F15FEF501004F6813 /* NCFlashTests.m in Sources */ = {isa = PBXBuildFile; fileRef = 6A0F9C9E15FEF501004F6813 /* NCFlashTests.m */; };
/* End PBXBuildFile section */

/* Begin PBXContainerItemProxy section */
		6A0F9C9515FEF501004F6813 /* PBXContainerItemProxy */ = {
			isa = PBXContainerItemProxy;
			containerPortal = 6A0F9C6615FEF500004F6813 /* Project object */;
			proxyType = 1;
			remoteGlobalIDString = 6A0F9C6E15FEF500004F6813;
			remoteInfo = NCFlash;
		};
/* End PBXContainerItemProxy section */

/* Begin PBXFileReference section */
		6A0F9C6F15FEF500004F6813 /* NCFlash.app */ = {isa = PBXFileReference; explicitFileType = wrapper.application; includeInIndex = 0; path = NCFlash.app; sourceTree = BUILT_PRODUCTS_DIR; };
		6A0F9C7315FEF500004F6813 /* UIKit.framework */ = {isa = PBXFileReference; lastKnownFileType = wrapper.framework; name = UIKit.framework; path = System/Library/Frameworks/UIKit.framework; sourceTree = SDKROOT; };
		6A0F9C7515FEF500004F6813 /* Foundation.framework */ = {isa = PBXFileReference; lastKnownFileType = wrapper.framework; name = Foundation.framework; path = System/Library/Frameworks/Foundation.framework; sourceTree = SDKROOT; };
		6A0F9C7715FEF500004F6813 /* CoreGraphics.framework */ = {isa = PBXFileReference; lastKnownFileType = wrapper.framework; name = CoreGraphics.framework; path = System/Library/Frameworks/CoreGraphics.framework; sourceTree = SDKROOT; };
		6A0F9C7B15FEF500004F6813 /* NCFlash-Info.plist */ = {isa = PBXFileReference; path = "NCFlash-Info.plist"; sourceTree = "<group>"; };
		6A0F9C7D15FEF500004F6813 /* en */ = {isa = PBXFileReference; lastKnownFileType = text.plist.strings; name = en; path = en.lproj/InfoPlist.strings; sourceTree = "<group>"; };
		6A0F9C7F15FEF500004F6813 /* main.m */ = {isa = PBXFileReference; lastKnownFileType = sourcecode.c.objc; path = main.m; sourceTree = "<group>"; };
		6A0F9C8115FEF500004F6813 /* NCFlash-Prefix.pch */ = {isa = PBXFileReference; path = "NCFlash-Prefix.pch"; sourceTree = "<group>"; };
		6A0F9C8215FEF500004F6813 /* NCFAppDelegate.h */ = {isa = PBXFileReference; path = NCFAppDelegate.h; sourceTree = "<group>"; };
		6A0F9C8315FEF500004F6813 /* NCFAppDelegate.m */ = {isa = PBXFileReference; lastKnownFileType = sourcecode.c.objc; path = NCFAppDelegate.m; sourceTree = "<group>"; };
		6A0F9C8615FEF500004F6813 /* en */ = {isa = PBXFileReference; lastKnownFileType = file.storyboard; name = en; path = en.lproj/MainStoryboard.storyboard; sourceTree = "<group>"; };
		6A0F9C8815FEF501004F6813 /* NCFViewController.h */ = {isa = PBXFileReference; path = NCFViewController.h; sourceTree = "<group>"; };
		6A0F9C8915FEF501004F6813 /* NCFViewController.m */ = {isa = PBXFileReference; lastKnownFileType = sourcecode.c.objc; path = NCFViewController.m; sourceTree = "<group>"; };
		6A0F9C9015FEF501004F6813 /* NCFlashTests.octest */ = {isa = PBXFileReference; explicitFileType = wrapper.cfbundle; includeInIndex = 0; path = NCFlashTests.octest; sourceTree = BUILT_PRODUCTS_DIR; };
		6A0F9C9115FEF501004F6813 /* SenTestingKit.framework */ = {isa = PBXFileReference; lastKnownFileType = wrapper.framework; name = SenTestingKit.framework; path = Library/Frameworks/SenTestingKit.framework; sourceTree = DEVELOPER_DIR; };
		6A0F9C9915FEF501004F6813 /* NCFlashTests-Info.plist */ = {isa = PBXFileReference; path = "NCFlashTests-Info.plist"; sourceTree = "<group>"; };
		6A0F9C9B15FEF501004F6813 /* en */ = {isa = PBXFileReference; lastKnownFileType = text.plist.strings; name = en; path = en.lproj/InfoPlist.strings; sourceTree = "<group>"; };
		6A0F9C9D15FEF501004F6813 /* NCFlashTests.h */ = {isa = PBXFileReference; path = NCFlashTests.h; sourceTree = "<group>"; };
		6A0F9C9E15FEF501004F6813 /* NCFlashTests.m */ = {isa = PBXFileReference; lastKnownFileType = sourcecode.c.objc; path = NCFlashTests.m; sourceTree = "<group>"; };
/* End PBXFileReference section */

/* Begin PBXFrameworksBuildPhase section */
		6A0F9C6C15FEF500004F6813 /* Frameworks */ = {
			isa = PBXFrameworksBuildPhase;
			buildActionMask = 2147483647;
			files = (
				6A0F9C7415FEF500004F6813 /* UIKit.framework in Frameworks */,
				6A0F9C7615FEF500004F6813 /* Foundation.framework in Frameworks */,
				6A0F9C7815FEF500004F6813 /* CoreGraphics.framework in Frameworks */,
			);
			runOnlyForDeploymentPostprocessing = 0;
		};
		6A0F9C8C15FEF501004F6813 /* Frameworks */ = {
			isa = PBXFrameworksBuildPhase;
			buildActionMask = 2147483647;
			files = (
				6A0F9C9215FEF501004F6813 /* SenTestingKit.framework in Frameworks */,
				6A0F9C9315FEF501004F6813 /* UIKit.framework in Frameworks */,
				6A0F9C9415FEF501004F6813 /* Foundation.framework in Frameworks */,
			);
			runOnlyForDeploymentPostprocessing = 0;
		};
/* End PBXFrameworksBuildPhase section */

/* Begin PBXGroup section */
		6A0F9C6415FEF500004F6813 = {
			isa = PBXGroup;
			children = (
				6A0F9C7915FEF500004F6813 /* NCFlash */,
				6A0F9C9715FEF501004F6813 /* NCFlashTests */,
				6A0F9C7215FEF500004F6813 /* Frameworks */,
				6A0F9C7015FEF500004F6813 /* Products */,
			);
			sourceTree = "<group>";
		};
		6A0F9C7015FEF500004F6813 /* Products */ = {
			isa = PBXGroup;
			children = (
				6A0F9C6F15FEF500004F6813 /* NCFlash.app */,
				6A0F9C9015FEF501004F6813 /* NCFlashTests.octest */,
			);
			name = Products;
			sourceTree = "<group>";
		};
		6A0F9C7215FEF500004F6813 /* Frameworks */ = {
			isa = PBXGroup;
			children = (
				6A0F9C7315FEF500004F6813 /* UIKit.framework */,
				6A0F9C7515FEF500004F6813 /* Foundation.framework */,
				6A0F9C7715FEF500004F6813 /* CoreGraphics.framework */,
				6A0F9C9115FEF501004F6813 /* SenTestingKit.framework */,
			);
			name = Frameworks;
			sourceTree = "<group>";
		};
		6A0F9C7915FEF500004F6813 /* NCFlash */ = {
			isa = PBXGroup;
			children = (
				6A0F9C8215FEF500004F6813 /* NCFAppDelegate.h */,
				6A0F9C8315FEF500004F6813 /* NCFAppDelegate.m */,
				6A0F9C8515FEF500004F6813 /* MainStoryboard.storyboard */,
				6A0F9C8815FEF501004F6813 /* NCFViewController.h */,
				6A0F9C8915FEF501004F6813 /* NCFViewController.m */,
				6A0F9C7A15FEF500004F6813 /* Supporting Files */,
			);
			path = NCFlash;
			sourceTree = "<group>";
		};
		6A0F9C7A15FEF500004F6813 /* Supporting Files */ = {
			isa = PBXGroup;
			children = (
				6A0F9C7B15FEF500004F6813 /* NCFlash-Info.plist */,
				6A0F9C7C15FEF500004F6813 /* InfoPlist.strings */,
				6A0F9C7F15FEF500004F6813 /* main.m */,
				6A0F9C8115FEF500004F6813 /* NCFlash-Prefix.pch */,
			);
			name = "Supporting Files";
			sourceTree = "<group>";
		};
		6A0F9C9715FEF501004F6813 /* NCFlashTests */ = {
			isa = PBXGroup;
			children = (
				6A0F9C9D15FEF501004F6813 /* NCFlashTests.h */,
				6A0F9C9E15FEF501004F6813 /* NCFlashTests.m */,
				6A0F9C9815FEF501004F6813 /* Supporting Files */,
			);
			path = NCFlashTests;
			sourceTree = "<group>";
		};
		6A0F9C9815FEF501004F6813 /* Supporting Files */ = {
			isa = PBXGroup;
			children = (
				6A0F9C9915FEF501004F6813 /* NCFlashTests-Info.plist */,
				6A0F9C9A15FEF501004F6813 /* InfoPlist.strings */,
			);
			name = "Supporting Files";
			sourceTree = "<group>";
		};
/* End PBXGroup section */

/* Begin PBXNativeTarget section */
		6A0F9C6E15FEF500004F6813 /* NCFlash */ = {
			isa = PBXNativeTarget;
			buildConfigurationList = 6A0F9CA215FEF501004F6813 /* Build configuration list for PBXNativeTarget "NCFlash" */;
			buildPhases = (
				6A0F9C6B15FEF500004F6813 /* Sources */,
				6A0F9C6C15FEF500004F6813 /* Frameworks */,
				6A0F9C6D15FEF500004F6813 /* Resources */,
			);
			buildRules = (
			);
			dependencies = (
			);
			name = NCFlash;
			productName = NCFlash;
			productReference = 6A0F9C6F15FEF500004F6813 /* NCFlash.app */;
			productType = "com.apple.product-type.application";
		};
		6A0F9C8F15FEF501004F6813 /* NCFlashTests */ = {
			isa = PBXNativeTarget;
			buildConfigurationList = 6A0F9CA515FEF501004F6813 /* Build configuration list for PBXNativeTarget "NCFlashTests" */;
			buildPhases = (
				6A0F9C8B15FEF501004F6813 /* Sources */,
				6A0F9C8C15FEF501004F6813 /* Frameworks */,
				6A0F9C8D15FEF501004F6813 /* Resources */,
				6A0F9C8E15FEF501004F6813 /* ShellScript */,
			);
			buildRules = (
			);
			dependencies = (
				6A0F9C9615FEF501004F6813 /* PBXTargetDependency */,
			);
			name = NCFlashTests;
			productName = NCFlashTests;
			productReference = 6A0F9C9015FEF501004F6813 /* NCFlashTests.octest */;
			productType = "com.apple.product-type.bundle";
		};
/* End PBXNativeTarget section */

/* Begin PBXProject section */
		6A0F9C6615FEF500004F6813 /* Project object */ = {
			isa = PBXProject;
			attributes = {
				CLASSPREFIX = NCF;
				LastUpgradeCheck = 0430;
			};
			buildConfigurationList = 6A0F9C6915FEF500004F6813 /* Build configuration list for PBXProject "NCFlash" */;
			compatibilityVersion = "Xcode 3.2";
			developmentRegion = English;
			hasScannedForEncodings = 0;
			knownRegions = (
				en,
			);
			mainGroup = 6A0F9C6415FEF500004F6813;
			productRefGroup = 6A0F9C7015FEF500004F6813 /* Products */;
			projectDirPath = "";
			projectRoot = "";
			targets = (
				6A0F9C6E15FEF500004F6813 /* NCFlash */,
				6A0F9C8F15FEF501004F6813 /* NCFlashTests */,
			);
		};
/* End PBXProject section */

/* Begin PBXResourcesBuildPhase section */
		6A0F9C6D15FEF500004F6813 /* Resources */ = {
			isa = PBXResourcesBuildPhase;
			buildActionMask = 2147483647;
			files = (
				6A0F9C7E15FEF500004F6813 /* InfoPlist.strings in Resources */,
				6A0F9C8715FEF500004F6813 /* MainStoryboard.storyboard in Resources */,
			);
			runOnlyForDeploymentPostprocessing = 0;
		};
		6A0F9C8D15FEF501004F6813 /* Resources */ = {
			isa = PBXResourcesBuildPhase;
			buildActionMask = 2147483647;
			files = (
				6A0F9C9C15FEF501004F6813 /* InfoPlist.strings in Resources */,
			);
			runOnlyForDeploymentPostprocessing = 0;
		};
/* End PBXResourcesBuildPhase section */

/* Begin PBXShellScriptBuildPhase section */
		6A0F9C8E15FEF501004F6813 /* ShellScript */ = {
			isa = PBXShellScriptBuildPhase;
			buildActionMask = 2147483647;
			files = (
			);
			inputPaths = (
			);
			outputPaths = (
			);
			runOnlyForDeploymentPostprocessing = 0;
			shellPath = /bin/sh;
			shellScript = "# Run the unit tests in this test bundle.\n\"${SYSTEM_DEVELOPER_DIR}/Tools/RunUnitTests\"\n";
		};
/* End PBXShellScriptBuildPhase section */

/* Begin PBXSourcesBuildPhase section */
		6A0F9C6B15FEF500004F6813 /* Sources */ = {
			isa = PBXSourcesBuildPhase;
			buildActionMask = 2147483647;
			files = (
				6A0F9C8015FEF500004F6813 /* main.m in Sources */,
				6A0F9C8415FEF500004F6813 /* NCFAppDelegate.m in Sources */,
				6A0F9C8A15FEF501004F6813 /* NCFViewController.m in Sources */,
			);
			runOnlyForDeploymentPostprocessing = 0;
		};
		6A0F9C8B15FEF501004F6813 /* Sources */ = {
			isa = PBXSourcesBuildPhase;
			buildActionMask = 2147483647;
			files = (
				6A0F9C9F15FEF501004F6813 /* NCFlashTests.m in Sources */,
			);
			runOnlyForDeploymentPostprocessing = 0;
		};
/* End PBXSourcesBuildPhase section */

/* Begin PBXTargetDependency section */
		6A0F9C9615FEF501004F6813 /* PBXTargetDependency */ = {
			isa = PBXTargetDependency;
			target = 6A0F9C6E15FEF500004F6813 /* NCFlash */;
			targetProxy = 6A0F9C9515FEF501004F6813 /* PBXContainerItemProxy */;
		};
/* End PBXTargetDependency section */

/* Begin PBXVariantGroup section */
		6A0F9C7C15FEF500004F6813 /* InfoPlist.strings */ = {
			isa = PBXVariantGroup;
			children = (
				6A0F9C7D15FEF500004F6813 /* en */,
			);
			name = InfoPlist.strings;
			sourceTree = "<group>";
		};
		6A0F9C8515FEF500004F6813 /* MainStoryboard.storyboard */ = {
			isa = PBXVariantGroup;
			children = (
				6A0F9C8615FEF500004F6813 /* en */,
			);
			name = MainStoryboard.storyboard;
			sourceTree = "<group>";
		};
		6A0F9C9A15FEF501004F6813 /* InfoPlist.strings */ = {
			isa = PBXVariantGroup;
			children = (
				6A0F9C9B15FEF501004F6813 /* en */,
			);
			name = InfoPlist.strings;
			sourceTree = "<group>";
		};
/* End PBXVariantGroup section */

/* Begin XCBuildConfiguration section */
		6A0F9CA015FEF501004F6813 /* Debug */ = {
			isa = XCBuildConfiguration;
			buildSettings = {
				ALWAYS_SEARCH_USER_PATHS = NO;
				ARCHS = "$(ARCHS_STANDARD_32_BIT)";
				CLANG_ENABLE_OBJC_ARC = YES;
				"CODE_SIGN_IDENTITY[sdk=iphoneos*]" = "iPhone Developer";
				COPY_PHASE_STRIP = NO;
				GCC_C_LANGUAGE_STANDARD = gnu99;
				GCC_DYNAMIC_NO_PIC = NO;
				GCC_OPTIMIZATION_LEVEL = 0;
				GCC_PREPROCESSOR_DEFINITIONS = (
					"DEBUG=1",
					"$(inherited)",
				);
				GCC_SYMBOLS_PRIVATE_EXTERN = NO;
				GCC_VERSION = com.apple.compilers.llvm.clang.1_0;
				GCC_WARN_ABOUT_RETURN_TYPE = YES;
				GCC_WARN_UNINITIALIZED_AUTOS = YES;
				GCC_WARN_UNUSED_VARIABLE = YES;
				IPHONEOS_DEPLOYMENT_TARGET = 5.1;
				SDKROOT = iphoneos;
			};
			name = Debug;
		};
		6A0F9CA115FEF501004F6813 /* Release */ = {
			isa = XCBuildConfiguration;
			buildSettings = {
				ALWAYS_SEARCH_USER_PATHS = NO;
				ARCHS = "$(ARCHS_STANDARD_32_BIT)";
				CLANG_ENABLE_OBJC_ARC = YES;
				"CODE_SIGN_IDENTITY[sdk=iphoneos*]" = "iPhone Developer";
				COPY_PHASE_STRIP = YES;
				GCC_C_LANGUAGE_STANDARD = gnu99;
				GCC_VERSION = com.apple.compilers.llvm.clang.1_0;
				GCC_WARN_ABOUT_RETURN_TYPE = YES;
				GCC_WARN_UNINITIALIZED_AUTOS = YES;
				GCC_WARN_UNUSED_VARIABLE = YES;
				IPHONEOS_DEPLOYMENT_TARGET = 5.1;
				OTHER_CFLAGS = "-DNS_BLOCK_ASSERTIONS=1";
				SDKROOT = iphoneos;
				VALIDATE_PRODUCT = YES;
			};
			name = Release;
		};
		6A0F9CA315FEF501004F6813 /* Debug */ = {
			isa = XCBuildConfiguration;
			buildSettings = {
				GCC_PRECOMPILE_PREFIX_HEADER = YES;
				GCC_PREFIX_HEADER = "NCFlash/NCFlash-Prefix.pch";
				INFOPLIST_FILE = "NCFlash/NCFlash-Info.plist";
				PRODUCT_NAME = "$(TARGET_NAME)";
				WRAPPER_EXTENSION = app;
			};
			name = Debug;
		};
		6A0F9CA415FEF501004F6813 /* Release */ = {
			isa = XCBuildConfiguration;
			buildSettings = {
				GCC_PRECOMPILE_PREFIX_HEADER = YES;
				GCC_PREFIX_HEADER = "NCFlash/NCFlash-Prefix.pch";
				INFOPLIST_FILE = "NCFlash/NCFlash-Info.plist";
				PRODUCT_NAME = "$(TARGET_NAME)";
				WRAPPER_EXTENSION = app;
			};
			name = Release;
		};
		6A0F9CA615FEF501004F6813 /* Debug */ = {
			isa = XCBuildConfiguration;
			buildSettings = {
				BUNDLE_LOADER = "$(BUILT_PRODUCTS_DIR)/NCFlash.app/NCFlash";
				FRAMEWORK_SEARCH_PATHS = (
					"$(SDKROOT)/Developer/Library/Frameworks",
					"$(DEVELOPER_LIBRARY_DIR)/Frameworks",
				);
				GCC_PRECOMPILE_PREFIX_HEADER = YES;
				GCC_PREFIX_HEADER = "NCFlash/NCFlash-Prefix.pch";
				INFOPLIST_FILE = "NCFlashTests/NCFlashTests-Info.plist";
				PRODUCT_NAME = "$(TARGET_NAME)";
				TEST_HOST = "$(BUNDLE_LOADER)";
				WRAPPER_EXTENSION = octest;
			};
			name = Debug;
		};
		6A0F9CA715FEF501004F6813 /* Release */ = {
			isa = XCBuildConfiguration;
			buildSettings = {
				BUNDLE_LOADER = "$(BUILT_PRODUCTS_DIR)/NCFlash.app/NCFlash";
				FRAMEWORK_SEARCH_PATHS = (
					"$(SDKROOT)/Developer/Library/Frameworks",
					"$(DEVELOPER_LIBRARY_DIR)/Frameworks",
				);
				GCC_PRECOMPILE_PREFIX_HEADER = YES;
				GCC_PREFIX_HEADER = "NCFlash/NCFlash-Prefix.pch";
				INFOPLIST_FILE = "NCFlashTests/NCFlashTests-Info.plist";
				PRODUCT_NAME = "$(TARGET_NAME)";
				TEST_HOST = "$(BUNDLE_LOADER)";
				WRAPPER_EXTENSION = octest;
			};
			name = Release;
		};
/* End XCBuildConfiguration section */

/* Begin XCConfigurationList section */
		6A0F9C6915FEF500004F6813 /* Build configuration list for PBXProject "NCFlash" */ = {
			isa = XCConfigurationList;
			buildConfigurations = (
				6A0F9CA015FEF501004F6813 /* Debug */,
				6A0F9CA115FEF501004F6813 /* Release */,
			);
			defaultConfigurationIsVisible = 0;
			defaultConfigurationName = Release;
		};
		6A0F9CA215FEF501004F6813 /* Build configuration list for PBXNativeTarget "NCFlash" */ = {
			isa = XCConfigurationList;
			buildConfigurations = (
				6A0F9CA315FEF501004F6813 /* Debug */,
				6A0F9CA415FEF501004F6813 /* Release */,
			);
			defaultConfigurationIsVisible = 0;
		};
		6A0F9CA515FEF501004F6813 /* Build configuration list for PBXNativeTarget "NCFlashTests" */ = {
			isa = XCConfigurationList;
			buildConfigurations = (
				6A0F9CA615FEF501004F6813 /* Debug */,
				6A0F9CA715FEF501004F6813 /* Release */,
			);
			defaultConfigurationIsVisible = 0;
		};
/* End XCConfigurationList section */
	};
	rootObject = 6A0F9C6615FEF500004F6813 /* Project object */;
}
